
Microsoft Visual Studio Solution File, Format Version 12.00
# Visual Studio Version 17
VisualStudioVersion = 17.14.36930.0 d17.14
MinimumVisualStudioVersion = 10.0.40219.1
Project("{FAE04EC0-301F-11D3-BF4B-00C04F79EFBC}") = "Carola.EntityLayer", "Carola.EntityLayer\Carola.EntityLayer.csproj", "{6A77FC24-8405-44EB-ABA5-A37751ACA224}"
EndProject
Project("{FAE04EC0-301F-11D3-BF4B-00C04F79EFBC}") = "Carola.DataAccessLayer", "Carola.DataAccessLayer\Carola.DataAccessLayer.csproj", "{155E8C7B-1790-42B6-9EA5-5228355784AB}"
EndProject
Project("{FAE04EC0-301F-11D3-BF4B-00C04F79EFBC}") = "Carola.BusinessLayer", "Carola.BusinessLayer\Carola.BusinessLayer.csproj", "{1902A84F-D6E3-46D0-A335-F3A4D522C321}"
EndProject
Project("{FAE04EC0-301F-11D3-BF4B-00C04F79EFBC}") = "Carola.WebUI", "Carola.WebUI\Carola.WebUI.csproj", "{4315F8CB-8F78-46E5-88C7-885292EAC96D}"
EndProject
Global
	GlobalSection(SolutionConfigurationPlatforms) = preSolution
		Debug|Any CPU = Debug|Any CPU
		Release|Any CPU = Release|Any CPU
	EndGlobalSection
	GlobalSection(ProjectConfigurationPlatforms) = postSolution
		{6A77FC24-8405-44EB-ABA5-A37751ACA224}.Debug|Any CPU.ActiveCfg = Debug|Any CPU
		{6A77FC24-8405-44EB-ABA5-A37751ACA224}.Debug|Any CPU.Build.0 = Debug|Any CPU
		{6A77FC24-8405-44EB-ABA5-A37751ACA224}.Release|Any CPU.ActiveCfg = Release|Any CPU
		{6A77FC24-8405-44EB-ABA5-A37751ACA224}.Release|Any CPU.Build.0 = Release|Any CPU
		{155E8C7B-1790-42B6-9EA5-5228355784AB}.Debug|Any CPU.ActiveCfg = Debug|Any CPU
		{155E8C7B-1790-42B6-9EA5-5228355784AB}.Debug|Any CPU.Build.0 = Debug|Any CPU
		{155E8C7B-1790-42B6-9EA5-5228355784AB}.Release|Any CPU.ActiveCfg = Release|Any CPU
		{155E8C7B-1790-42B6-9EA5-5228355784AB}.Release|Any CPU.Build.0 = Release|Any CPU
		{1902A84F-D6E3-46D0-A335-F3A4D522C321}.Debug|Any CPU.ActiveCfg = Debug|Any CPU
		{1902A84F-D6E3-46D0-A335-F3A4D522C321}.Debug|Any CPU.Build.0 = Debug|Any CPU
		{1902A84F-D6E3-46D0-A335-F3A4D522C321}.Release|Any CPU.ActiveCfg = Release|Any CPU
		{1902A84F-D6E3-46D0-A335-F3A4D522C321}.Release|Any CPU.Build.0 = Release|Any CPU
		{4315F8CB-8F78-46E5-88C7-885292EAC96D}.Debug|Any CPU.ActiveCfg = Debug|Any CPU
		{4315F8CB-8F78-46E5-88C7-885292EAC96D}.Debug|Any CPU.Build.0 = Debug|Any CPU
		{4315F8CB-8F78-46E5-88C7-885292EAC96D}.Release|Any CPU.ActiveCfg = Release|Any CPU
		{4315F8CB-8F78-46E5-88C7-885292EAC96D}.Release|Any CPU.Build.0 = Release|Any CPU
	EndGlobalSection
	GlobalSection(SolutionProperties) = preSolution
		HideSolutionNode = FALSE
	EndGlobalSection
	GlobalSection(ExtensibilityGlobals) = postSolution
		SolutionGuid = {8FA8BB77-ECCA-414B-B84D-460319E05022}
	EndGlobalSection
EndGlobal
